
Microsoft Visual Studio Solution File, Format Version 12.00
# Visual Studio Version 16
VisualStudioVersion = 16.0.31025.194
MinimumVisualStudioVersion = 10.0.40219.1
Project("{FAE04EC0-301F-11D3-BF4B-00C04F79EFBC}") = "CadastroDeAluno", "CadastroDeAluno\CadastroDeAluno.csproj", "{3D3E6D94-F4DD-4F80-B7D3-43BAA7159AF3}"
EndProject
Global
	GlobalSection(SolutionConfigurationPlatforms) = preSolution
		Debug|Any CPU = Debug|Any CPU
		Release|Any CPU = Release|Any CPU
	EndGlobalSection
	GlobalSection(ProjectConfigurationPlatforms) = postSolution
		{3D3E6D94-F4DD-4F80-B7D3-43BAA7159AF3}.Debug|Any CPU.ActiveCfg = Debug|Any CPU
		{3D3E6D94-F4DD-4F80-B7D3-43BAA7159AF3}.Debug|Any CPU.Build.0 = Debug|Any CPU
		{3D3E6D94-F4DD-4F80-B7D3-43BAA7159AF3}.Release|Any CPU.ActiveCfg = Release|Any CPU
		{3D3E6D94-F4DD-4F80-B7D3-43BAA7159AF3}.Release|Any CPU.Build.0 = Release|Any CPU
	EndGlobalSection
	GlobalSection(SolutionProperties) = preSolution
		HideSolutionNode = FALSE
	EndGlobalSection
	GlobalSection(ExtensibilityGlobals) = postSolution
		SolutionGuid = {5C1F8B60-D9AE-4277-A2FE-F9BB05E59681}
	EndGlobalSection
EndGlobal
