
Microsoft Visual Studio Solution File, Format Version 12.00
# Visual Studio Version 16
VisualStudioVersion = 16.0.31025.194
MinimumVisualStudioVersion = 10.0.40219.1
Project("{FAE04EC0-301F-11D3-BF4B-00C04F79EFBC}") = "CadastroDeSeries", "CadastroDeSeries\CadastroDeSeries.csproj", "{2F1BD327-C53C-4B7C-BDB9-95110CC7CD8E}"
EndProject
Project("{FAE04EC0-301F-11D3-BF4B-00C04F79EFBC}") = "CadastroDeSeries.Modelos", "CadastroDeSeries.Modelos\CadastroDeSeries.Modelos.csproj", "{634756F6-113D-4A8C-9C05-608E0D7EAD27}"
EndProject
Global
	GlobalSection(SolutionConfigurationPlatforms) = preSolution
		Debug|Any CPU = Debug|Any CPU
		Release|Any CPU = Release|Any CPU
	EndGlobalSection
	GlobalSection(ProjectConfigurationPlatforms) = postSolution
		{2F1BD327-C53C-4B7C-BDB9-95110CC7CD8E}.Debug|Any CPU.ActiveCfg = Debug|Any CPU
		{2F1BD327-C53C-4B7C-BDB9-95110CC7CD8E}.Debug|Any CPU.Build.0 = Debug|Any CPU
		{2F1BD327-C53C-4B7C-BDB9-95110CC7CD8E}.Release|Any CPU.ActiveCfg = Release|Any CPU
		{2F1BD327-C53C-4B7C-BDB9-95110CC7CD8E}.Release|Any CPU.Build.0 = Release|Any CPU
		{634756F6-113D-4A8C-9C05-608E0D7EAD27}.Debug|Any CPU.ActiveCfg = Debug|Any CPU
		{634756F6-113D-4A8C-9C05-608E0D7EAD27}.Debug|Any CPU.Build.0 = Debug|Any CPU
		{634756F6-113D-4A8C-9C05-608E0D7EAD27}.Release|Any CPU.ActiveCfg = Release|Any CPU
		{634756F6-113D-4A8C-9C05-608E0D7EAD27}.Release|Any CPU.Build.0 = Release|Any CPU
	EndGlobalSection
	GlobalSection(SolutionProperties) = preSolution
		HideSolutionNode = FALSE
	EndGlobalSection
	GlobalSection(ExtensibilityGlobals) = postSolution
		SolutionGuid = {E559B88C-A0FA-48AA-8C84-966E53DA183C}
	EndGlobalSection
EndGlobal
